// !$*UTF8*$!
{
	archiveVersion = 1;
	classes = {
	};
	objectVersion = 50;
	objects = {

/* Begin PBXBuildFile section */
		CF02088F269F3D4A0006F4AF /* Person+CoreDataClass.swift in Sources */ = {isa = PBXBuildFile; fileRef = CF02088D269F3D4A0006F4AF /* Person+CoreDataClass.swift */; };
		CF020890269F3D4A0006F4AF /* Person+CoreDataProperties.swift in Sources */ = {isa = PBXBuildFile; fileRef = CF02088E269F3D4A0006F4AF /* Person+CoreDataProperties.swift */; };
		CF4735702699A5AD003E1F14 /* AppDelegate.swift in Sources */ = {isa = PBXBuildFile; fileRef = CF47356F2699A5AD003E1F14 /* AppDelegate.swift */; };
		CF4735722699A5AD003E1F14 /* SceneDelegate.swift in Sources */ = {isa = PBXBuildFile; fileRef = CF4735712699A5AD003E1F14 /* SceneDelegate.swift */; };
		CF4735742699A5AD003E1F14 /* ViewController.swift in Sources */ = {isa = PBXBuildFile; fileRef = CF4735732699A5AD003E1F14 /* ViewController.swift */; };
		CF4735772699A5AD003E1F14 /* Main.storyboard in Resources */ = {isa = PBXBuildFile; fileRef = CF4735752699A5AD003E1F14 /* Main.storyboard */; };
		CF47357A2699A5AD003E1F14 /* CoreDatabeginner.xcdatamodeld in Sources */ = {isa = PBXBuildFile; fileRef = CF4735782699A5AD003E1F14 /* CoreDatabeginner.xcdatamodeld */; };
		CF47357C2699A5AF003E1F14 /* Assets.xcassets in Resources */ = {isa = PBXBuildFile; fileRef = CF47357B2699A5AF003E1F14 /* Assets.xcassets */; };
		CF47357F2699A5AF003E1F14 /* LaunchScreen.storyboard in Resources */ = {isa = PBXBuildFile; fileRef = CF47357D2699A5AF003E1F14 /* LaunchScreen.storyboard */; };
		CF7B578C269C3382004213FC /* InfoViewController.swift in Sources */ = {isa = PBXBuildFile; fileRef = CF7B578B269C3381004213FC /* InfoViewController.swift */; };
/* End PBXBuildFile section */

/* Begin PBXFileReference section */
		CF02088D269F3D4A0006F4AF /* Person+CoreDataClass.swift */ = {isa = PBXFileReference; lastKnownFileType = sourcecode.swift; name = "Person+CoreDataClass.swift"; path = "../Person+CoreDataClass.swift"; sourceTree = "<group>"; };
		CF02088E269F3D4A0006F4AF /* Person+CoreDataProperties.swift */ = {isa = PBXFileReference; lastKnownFileType = sourcecode.swift; path = "Person+CoreDataProperties.swift"; sourceTree = "<group>"; };
		CF47356C2699A5AD003E1F14 /* CoreDatabeginner.app */ = {isa = PBXFileReference; explicitFileType = wrapper.application; includeInIndex = 0; path = CoreDatabeginner.app; sourceTree = BUILT_PRODUCTS_DIR; };
		CF47356F2699A5AD003E1F14 /* AppDelegate.swift */ = {isa = PBXFileReference; lastKnownFileType = sourcecode.swift; path = AppDelegate.swift; sourceTree = "<group>"; };
		CF4735712699A5AD003E1F14 /* SceneDelegate.swift */ = {isa = PBXFileReference; lastKnownFileType = sourcecode.swift; path = SceneDelegate.swift; sourceTree = "<group>"; };
		CF4735732699A5AD003E1F14 /* ViewController.swift */ = {isa = PBXFileReference; lastKnownFileType = sourcecode.swift; path = ViewController.swift; sourceTree = "<group>"; };
		CF4735762699A5AD003E1F14 /* Base */ = {isa = PBXFileReference; lastKnownFileType = file.storyboard; name = Base; path = Base.lproj/Main.storyboard; sourceTree = "<group>"; };
		CF4735792699A5AD003E1F14 /* CoreDatabeginner.xcdatamodel */ = {isa = PBXFileReference; lastKnownFileType = wrapper.xcdatamodel; path = CoreDatabeginner.xcdatamodel; sourceTree = "<group>"; };
		CF47357B2699A5AF003E1F14 /* Assets.xcassets */ = {isa = PBXFileReference; lastKnownFileType = folder.assetcatalog; path = Assets.xcassets; sourceTree = "<group>"; };
		CF47357E2699A5AF003E1F14 /* Base */ = {isa = PBXFileReference; lastKnownFileType = file.storyboard; name = Base; path = Base.lproj/LaunchScreen.storyboard; sourceTree = "<group>"; };
		CF4735802699A5AF003E1F14 /* Info.plist */ = {isa = PBXFileReference; lastKnownFileType = text.plist.xml; path = Info.plist; sourceTree = "<group>"; };
		CF7B578B269C3381004213FC /* InfoViewController.swift */ = {isa = PBXFileReference; lastKnownFileType = sourcecode.swift; path = InfoViewController.swift; sourceTree = "<group>"; };
/* End PBXFileReference section */

/* Begin PBXFrameworksBuildPhase section */
		CF4735692699A5AD003E1F14 /* Frameworks */ = {
			isa = PBXFrameworksBuildPhase;
			buildActionMask = 2147483647;
			files = (
			);
			runOnlyForDeploymentPostprocessing = 0;
		};
/* End PBXFrameworksBuildPhase section */

/* Begin PBXGroup section */
		CF4735632699A5AD003E1F14 = {
			isa = PBXGroup;
			children = (
				CF47356E2699A5AD003E1F14 /* CoreDatabeginner */,
				CF47356D2699A5AD003E1F14 /* Products */,
			);
			sourceTree = "<group>";
		};
		CF47356D2699A5AD003E1F14 /* Products */ = {
			isa = PBXGroup;
			children = (
				CF47356C2699A5AD003E1F14 /* CoreDatabeginner.app */,
			);
			name = Products;
			sourceTree = "<group>";
		};
		CF47356E2699A5AD003E1F14 /* CoreDatabeginner */ = {
			isa = PBXGroup;
			children = (
				CF47356F2699A5AD003E1F14 /* AppDelegate.swift */,
				CF4735712699A5AD003E1F14 /* SceneDelegate.swift */,
				CF4735732699A5AD003E1F14 /* ViewController.swift */,
				CF7B578B269C3381004213FC /* InfoViewController.swift */,
				CF02088D269F3D4A0006F4AF /* Person+CoreDataClass.swift */,
				CF02088E269F3D4A0006F4AF /* Person+CoreDataProperties.swift */,
				CF4735752699A5AD003E1F14 /* Main.storyboard */,
				CF47357B2699A5AF003E1F14 /* Assets.xcassets */,
				CF47357D2699A5AF003E1F14 /* LaunchScreen.storyboard */,
				CF4735802699A5AF003E1F14 /* Info.plist */,
				CF4735782699A5AD003E1F14 /* CoreDatabeginner.xcdatamodeld */,
			);
			path = CoreDatabeginner;
			sourceTree = "<group>";
		};
/* End PBXGroup section */

/* Begin PBXNativeTarget section */
		CF47356B2699A5AD003E1F14 /* CoreDatabeginner */ = {
			isa = PBXNativeTarget;
			buildConfigurationList = CF4735832699A5AF003E1F14 /* Build configuration list for PBXNativeTarget "CoreDatabeginner" */;
			buildPhases = (
				CF4735682699A5AD003E1F14 /* Sources */,
				CF4735692699A5AD003E1F14 /* Frameworks */,
				CF47356A2699A5AD003E1F14 /* Resources */,
			);
			buildRules = (
			);
			dependencies = (
			);
			name = CoreDatabeginner;
			productName = CoreDatabeginner;
			productReference = CF47356C2699A5AD003E1F14 /* CoreDatabeginner.app */;
			productType = "com.apple.product-type.application";
		};
/* End PBXNativeTarget section */

/* Begin PBXProject section */
		CF4735642699A5AD003E1F14 /* Project object */ = {
			isa = PBXProject;
			attributes = {
				LastSwiftUpdateCheck = 1250;
				LastUpgradeCheck = 1250;
				TargetAttributes = {
					CF47356B2699A5AD003E1F14 = {
						CreatedOnToolsVersion = 12.5;
					};
				};
			};
			buildConfigurationList = CF4735672699A5AD003E1F14 /* Build configuration list for PBXProject "CoreDatabeginner" */;
			compatibilityVersion = "Xcode 9.3";
			developmentRegion = en;
			hasScannedForEncodings = 0;
			knownRegions = (
				en,
				Base,
			);
			mainGroup = CF4735632699A5AD003E1F14;
			productRefGroup = CF47356D2699A5AD003E1F14 /* Products */;
			projectDirPath = "";
			projectRoot = "";
			targets = (
				CF47356B2699A5AD003E1F14 /* CoreDatabeginner */,
			);
		};
/* End PBXProject section */

/* Begin PBXResourcesBuildPhase section */
		CF47356A2699A5AD003E1F14 /* Resources */ = {
			isa = PBXResourcesBuildPhase;
			buildActionMask = 2147483647;
			files = (
				CF47357F2699A5AF003E1F14 /* LaunchScreen.storyboard in Resources */,
				CF47357C2699A5AF003E1F14 /* Assets.xcassets in Resources */,
				CF4735772699A5AD003E1F14 /* Main.storyboard in Resources */,
			);
			runOnlyForDeploymentPostprocessing = 0;
		};
/* End PBXResourcesBuildPhase section */

/* Begin PBXSourcesBuildPhase section */
		CF4735682699A5AD003E1F14 /* Sources */ = {
			isa = PBXSourcesBuildPhase;
			buildActionMask = 2147483647;
			files = (
				CF020890269F3D4A0006F4AF /* Person+CoreDataProperties.swift in Sources */,
				CF4735742699A5AD003E1F14 /* ViewController.swift in Sources */,
				CF4735702699A5AD003E1F14 /* AppDelegate.swift in Sources */,
				CF02088F269F3D4A0006F4AF /* Person+CoreDataClass.swift in Sources */,
				CF47357A2699A5AD003E1F14 /* CoreDatabeginner.xcdatamodeld in Sources */,
				CF4735722699A5AD003E1F14 /* SceneDelegate.swift in Sources */,
				CF7B578C269C3382004213FC /* InfoViewController.swift in Sources */,
			);
			runOnlyForDeploymentPostprocessing = 0;
		};
/* End PBXSourcesBuildPhase section */

/* Begin PBXVariantGroup section */
		CF4735752699A5AD003E1F14 /* Main.storyboard */ = {
			isa = PBXVariantGroup;
			children = (
				CF4735762699A5AD003E1F14 /* Base */,
			);
			name = Main.storyboard;
			sourceTree = "<group>";
		};
		CF47357D2699A5AF003E1F14 /* LaunchScreen.storyboard */ = {
			isa = PBXVariantGroup;
			children = (
				CF47357E2699A5AF003E1F14 /* Base */,
			);
			name = LaunchScreen.storyboard;
			sourceTree = "<group>";
		};
/* End PBXVariantGroup section */

/* Begin XCBuildConfiguration section */
		CF4735812699A5AF003E1F14 /* Debug */ = {
			isa = XCBuildConfiguration;
			buildSettings = {
				ALWAYS_SEARCH_USER_PATHS = NO;
				CLANG_ANALYZER_NONNULL = YES;
				CLANG_ANALYZER_NUMBER_OBJECT_CONVERSION = YES_AGGRESSIVE;
				CLANG_CXX_LANGUAGE_STANDARD = "gnu++14";
				CLANG_CXX_LIBRARY = "libc++";
				CLANG_ENABLE_MODULES = YES;
				CLANG_ENABLE_OBJC_ARC = YES;
				CLANG_ENABLE_OBJC_WEAK = YES;
				CLANG_WARN_BLOCK_CAPTURE_AUTORELEASING = YES;
				CLANG_WARN_BOOL_CONVERSION = YES;
				CLANG_WARN_COMMA = YES;
				CLANG_WARN_CONSTANT_CONVERSION = YES;
				CLANG_WARN_DEPRECATED_OBJC_IMPLEMENTATIONS = YES;
				CLANG_WARN_DIRECT_OBJC_ISA_USAGE = YES_ERROR;
				CLANG_WARN_DOCUMENTATION_COMMENTS = YES;
				CLANG_WARN_EMPTY_BODY = YES;
				CLANG_WARN_ENUM_CONVERSION = YES;
				CLANG_WARN_INFINITE_RECURSION = YES;
				CLANG_WARN_INT_CONVERSION = YES;
				CLANG_WARN_NON_LITERAL_NULL_CONVERSION = YES;
				CLANG_WARN_OBJC_IMPLICIT_RETAIN_SELF = YES;
				CLANG_WARN_OBJC_LITERAL_CONVERSION = YES;
				CLANG_WARN_OBJC_ROOT_CLASS = YES_ERROR;
				CLANG_WARN_QUOTED_INCLUDE_IN_FRAMEWORK_HEADER = YES;
				CLANG_WARN_RANGE_LOOP_ANALYSIS = YES;
				CLANG_WARN_STRICT_PROTOTYPES = YES;
				CLANG_WARN_SUSPICIOUS_MOVE = YES;
				CLANG_WARN_UNGUARDED_AVAILABILITY = YES_AGGRESSIVE;
				CLANG_WARN_UNREACHABLE_CODE = YES;
				CLANG_WARN__DUPLICATE_METHOD_MATCH = YES;
				COPY_PHASE_STRIP = NO;
				DEBUG_INFORMATION_FORMAT = dwarf;
				ENABLE_STRICT_OBJC_MSGSEND = YES;
				ENABLE_TESTABILITY = YES;
				GCC_C_LANGUAGE_STANDARD = gnu11;
				GCC_DYNAMIC_NO_PIC = NO;
				GCC_NO_COMMON_BLOCKS = YES;
				GCC_OPTIMIZATION_LEVEL = 0;
				GCC_PREPROCESSOR_DEFINITIONS = (
					"DEBUG=1",
					"$(inherited)",
				);
				GCC_WARN_64_TO_32_BIT_CONVERSION = YES;
				GCC_WARN_ABOUT_RETURN_TYPE = YES_ERROR;
				GCC_WARN_UNDECLARED_SELECTOR = YES;
				GCC_WARN_UNINITIALIZED_AUTOS = YES_AGGRESSIVE;
				GCC_WARN_UNUSED_FUNCTION = YES;
				GCC_WARN_UNUSED_VARIABLE = YES;
				IPHONEOS_DEPLOYMENT_TARGET = 14.5;
				MTL_ENABLE_DEBUG_INFO = INCLUDE_SOURCE;
				MTL_FAST_MATH = YES;
				ONLY_ACTIVE_ARCH = YES;
				SDKROOT = iphoneos;
				SWIFT_ACTIVE_COMPILATION_CONDITIONS = DEBUG;
				SWIFT_OPTIMIZATION_LEVEL = "-Onone";
			};
			name = Debug;
		};
		CF4735822699A5AF003E1F14 /* Release */ = {
			isa = XCBuildConfiguration;
			buildSettings = {
				ALWAYS_SEARCH_USER_PATHS = NO;
				CLANG_ANALYZER_NONNULL = YES;
				CLANG_ANALYZER_NUMBER_OBJECT_CONVERSION = YES_AGGRESSIVE;
				CLANG_CXX_LANGUAGE_STANDARD = "gnu++14";
				CLANG_CXX_LIBRARY = "libc++";
				CLANG_ENABLE_MODULES = YES;
				CLANG_ENABLE_OBJC_ARC = YES;
				CLANG_ENABLE_OBJC_WEAK = YES;
				CLANG_WARN_BLOCK_CAPTURE_AUTORELEASING = YES;
				CLANG_WARN_BOOL_CONVERSION = YES;
				CLANG_WARN_COMMA = YES;
				CLANG_WARN_CONSTANT_CONVERSION = YES;
				CLANG_WARN_DEPRECATED_OBJC_IMPLEMENTATIONS = YES;
				CLANG_WARN_DIRECT_OBJC_ISA_USAGE = YES_ERROR;
				CLANG_WARN_DOCUMENTATION_COMMENTS = YES;
				CLANG_WARN_EMPTY_BODY = YES;
				CLANG_WARN_ENUM_CONVERSION = YES;
				CLANG_WARN_INFINITE_RECURSION = YES;
				CLANG_WARN_INT_CONVERSION = YES;
				CLANG_WARN_NON_LITERAL_NULL_CONVERSION = YES;
				CLANG_WARN_OBJC_IMPLICIT_RETAIN_SELF = YES;
				CLANG_WARN_OBJC_LITERAL_CONVERSION = YES;
				CLANG_WARN_OBJC_ROOT_CLASS = YES_ERROR;
				CLANG_WARN_QUOTED_INCLUDE_IN_FRAMEWORK_HEADER = YES;
				CLANG_WARN_RANGE_LOOP_ANALYSIS = YES;
				CLANG_WARN_STRICT_PROTOTYPES = YES;
				CLANG_WARN_SUSPICIOUS_MOVE = YES;
				CLANG_WARN_UNGUARDED_AVAILABILITY = YES_AGGRESSIVE;
				CLANG_WARN_UNREACHABLE_CODE = YES;
				CLANG_WARN__DUPLICATE_METHOD_MATCH = YES;
				COPY_PHASE_STRIP = NO;
				DEBUG_INFORMATION_FORMAT = "dwarf-with-dsym";
				ENABLE_NS_ASSERTIONS = NO;
				ENABLE_STRICT_OBJC_MSGSEND = YES;
				GCC_C_LANGUAGE_STANDARD = gnu11;
				GCC_NO_COMMON_BLOCKS = YES;
				GCC_WARN_64_TO_32_BIT_CONVERSION = YES;
				GCC_WARN_ABOUT_RETURN_TYPE = YES_ERROR;
				GCC_WARN_UNDECLARED_SELECTOR = YES;
				GCC_WARN_UNINITIALIZED_AUTOS = YES_AGGRESSIVE;
				GCC_WARN_UNUSED_FUNCTION = YES;
				GCC_WARN_UNUSED_VARIABLE = YES;
				IPHONEOS_DEPLOYMENT_TARGET = 14.5;
				MTL_ENABLE_DEBUG_INFO = NO;
				MTL_FAST_MATH = YES;
				SDKROOT = iphoneos;
				SWIFT_COMPILATION_MODE = wholemodule;
				SWIFT_OPTIMIZATION_LEVEL = "-O";
				VALIDATE_PRODUCT = YES;
			};
			name = Release;
		};
		CF4735842699A5AF003E1F14 /* Debug */ = {
			isa = XCBuildConfiguration;
			buildSettings = {
				ASSETCATALOG_COMPILER_APPICON_NAME = AppIcon;
				ASSETCATALOG_COMPILER_GLOBAL_ACCENT_COLOR_NAME = AccentColor;
				CODE_SIGN_STYLE = Automatic;
				DEVELOPMENT_TEAM = XS2R7967QT;
				INFOPLIST_FILE = CoreDatabeginner/Info.plist;
				LD_RUNPATH_SEARCH_PATHS = (
					"$(inherited)",
					"@executable_path/Frameworks",
				);
				PRODUCT_BUNDLE_IDENTIFIER = cow.iwaski.CoreDatabeginner;
				PRODUCT_NAME = "$(TARGET_NAME)";
				SWIFT_VERSION = 5.0;
				TARGETED_DEVICE_FAMILY = "1,2";
			};
			name = Debug;
		};
		CF4735852699A5AF003E1F14 /* Release */ = {
			isa = XCBuildConfiguration;
			buildSettings = {
				ASSETCATALOG_COMPILER_APPICON_NAME = AppIcon;
				ASSETCATALOG_COMPILER_GLOBAL_ACCENT_COLOR_NAME = AccentColor;
				CODE_SIGN_STYLE = Automatic;
				DEVELOPMENT_TEAM = XS2R7967QT;
				INFOPLIST_FILE = CoreDatabeginner/Info.plist;
				LD_RUNPATH_SEARCH_PATHS = (
					"$(inherited)",
					"@executable_path/Frameworks",
				);
				PRODUCT_BUNDLE_IDENTIFIER = cow.iwaski.CoreDatabeginner;
				PRODUCT_NAME = "$(TARGET_NAME)";
				SWIFT_VERSION = 5.0;
				TARGETED_DEVICE_FAMILY = "1,2";
			};
			name = Release;
		};
/* End XCBuildConfiguration section */

/* Begin XCConfigurationList section */
		CF4735672699A5AD003E1F14 /* Build configuration list for PBXProject "CoreDatabeginner" */ = {
			isa = XCConfigurationList;
			buildConfigurations = (
				CF4735812699A5AF003E1F14 /* Debug */,
				CF4735822699A5AF003E1F14 /* Release */,
			);
			defaultConfigurationIsVisible = 0;
			defaultConfigurationName = Release;
		};
		CF4735832699A5AF003E1F14 /* Build configuration list for PBXNativeTarget "CoreDatabeginner" */ = {
			isa = XCConfigurationList;
			buildConfigurations = (
				CF4735842699A5AF003E1F14 /* Debug */,
				CF4735852699A5AF003E1F14 /* Release */,
			);
			defaultConfigurationIsVisible = 0;
			defaultConfigurationName = Release;
		};
/* End XCConfigurationList section */

/* Begin XCVersionGroup section */
		CF4735782699A5AD003E1F14 /* CoreDatabeginner.xcdatamodeld */ = {
			isa = XCVersionGroup;
			children = (
				CF4735792699A5AD003E1F14 /* CoreDatabeginner.xcdatamodel */,
			);
			currentVersion = CF4735792699A5AD003E1F14 /* CoreDatabeginner.xcdatamodel */;
			path = CoreDatabeginner.xcdatamodeld;
			sourceTree = "<group>";
			versionGroupType = wrapper.xcdatamodel;
		};
/* End XCVersionGroup section */
	};
	rootObject = CF4735642699A5AD003E1F14 /* Project object */;
}
